{
  "name": "tdd",
  "version": "1.0.0",
  "lockfileVersion": 3,
  "requires": true,
  "packages": {
    "": {
      "name": "tdd",
      "version": "1.0.0",
      "license": "ISC",
      "dependencies": {
        "sumadenumeros": "^1.0.0"
      }
    },
    "node_modules/sumadenumeros": {
      "version": "1.0.0",
      "resolved": "https://registry.npmjs.org/sumadenumeros/-/sumadenumeros-1.0.0.tgz",
      "integrity": "sha512-KTlfGIuNV5AHxpHKW2M57/xyMtnkX+bthZB4d7YenhT+neXHSfKTLJlCM1SMAOLxN6Iyct/xkFV+ibe8goviFg=="
    }
  }
}
